
Microsoft Visual Studio Solution File, Format Version 11.00
# Visual Studio 2010
Project("{FAE04EC0-301F-11D3-BF4B-00C04F79EFBC}") = "HockeySDK", "HockeySDK\HockeySDK.csproj", "{370EC11B-1470-4730-8A8F-96A10B5FF48C}"
EndProject
Global
	GlobalSection(SolutionConfigurationPlatforms) = preSolution
		Debug|Any CPU = Debug|Any CPU
		Release|Any CPU = Release|Any CPU
	EndGlobalSection
	GlobalSection(ProjectConfigurationPlatforms) = postSolution
		{370EC11B-1470-4730-8A8F-96A10B5FF48C}.Debug|Any CPU.ActiveCfg = Debug|Any CPU
		{370EC11B-1470-4730-8A8F-96A10B5FF48C}.Debug|Any CPU.Build.0 = Debug|Any CPU
		{370EC11B-1470-4730-8A8F-96A10B5FF48C}.Release|Any CPU.ActiveCfg = Release|Any CPU
		{370EC11B-1470-4730-8A8F-96A10B5FF48C}.Release|Any CPU.Build.0 = Release|Any CPU
	EndGlobalSection
	GlobalSection(SolutionProperties) = preSolution
		HideSolutionNode = FALSE
	EndGlobalSection
EndGlobal
